// !$*UTF8*$!
{
	archiveVersion = 1;
	classes = {
	};
	objectVersion = 46;
	objects = {

/* Begin PBXBuildFile section */
		2444D1891F402A1C005586F5 /* main.m in Sources */ = {isa = PBXBuildFile; fileRef = 2444D1881F402A1C005586F5 /* main.m */; };
		2444D18C1F402A1C005586F5 /* AppDelegate.m in Sources */ = {isa = PBXBuildFile; fileRef = 2444D18B1F402A1C005586F5 /* AppDelegate.m */; };
		2444D18F1F402A1C005586F5 /* ViewController.m in Sources */ = {isa = PBXBuildFile; fileRef = 2444D18E1F402A1C005586F5 /* ViewController.m */; };
		2444D1921F402A1C005586F5 /* Main.storyboard in Resources */ = {isa = PBXBuildFile; fileRef = 2444D1901F402A1C005586F5 /* Main.storyboard */; };
		2444D1941F402A1C005586F5 /* Assets.xcassets in Resources */ = {isa = PBXBuildFile; fileRef = 2444D1931F402A1C005586F5 /* Assets.xcassets */; };
		2444D1971F402A1C005586F5 /* LaunchScreen.storyboard in Resources */ = {isa = PBXBuildFile; fileRef = 2444D1951F402A1C005586F5 /* LaunchScreen.storyboard */; };
		2444D1A41F402B26005586F5 /* ZoomImageViewController.m in Sources */ = {isa = PBXBuildFile; fileRef = 2444D1A21F402B26005586F5 /* ZoomImageViewController.m */; };
		2444D1A91F403046005586F5 /* 123.jpg in Resources */ = {isa = PBXBuildFile; fileRef = 2444D1A81F403046005586F5 /* 123.jpg */; };
/* End PBXBuildFile section */

/* Begin PBXFileReference section */
		2444D1841F402A1C005586F5 /* WQImageSelector.app */ = {isa = PBXFileReference; explicitFileType = wrapper.application; includeInIndex = 0; path = WQImageSelector.app; sourceTree = BUILT_PRODUCTS_DIR; };
		2444D1881F402A1C005586F5 /* main.m */ = {isa = PBXFileReference; lastKnownFileType = sourcecode.c.objc; path = main.m; sourceTree = "<group>"; };
		2444D18A1F402A1C005586F5 /* AppDelegate.h */ = {isa = PBXFileReference; lastKnownFileType = sourcecode.c.h; path = AppDelegate.h; sourceTree = "<group>"; };
		2444D18B1F402A1C005586F5 /* AppDelegate.m */ = {isa = PBXFileReference; lastKnownFileType = sourcecode.c.objc; path = AppDelegate.m; sourceTree = "<group>"; };
		2444D18D1F402A1C005586F5 /* ViewController.h */ = {isa = PBXFileReference; lastKnownFileType = sourcecode.c.h; path = ViewController.h; sourceTree = "<group>"; };
		2444D18E1F402A1C005586F5 /* ViewController.m */ = {isa = PBXFileReference; lastKnownFileType = sourcecode.c.objc; path = ViewController.m; sourceTree = "<group>"; };
		2444D1911F402A1C005586F5 /* Base */ = {isa = PBXFileReference; lastKnownFileType = file.storyboard; name = Base; path = Base.lproj/Main.storyboard; sourceTree = "<group>"; };
		2444D1931F402A1C005586F5 /* Assets.xcassets */ = {isa = PBXFileReference; lastKnownFileType = folder.assetcatalog; path = Assets.xcassets; sourceTree = "<group>"; };
		2444D1961F402A1C005586F5 /* Base */ = {isa = PBXFileReference; lastKnownFileType = file.storyboard; name = Base; path = Base.lproj/LaunchScreen.storyboard; sourceTree = "<group>"; };
		2444D1981F402A1C005586F5 /* Info.plist */ = {isa = PBXFileReference; lastKnownFileType = text.plist.xml; path = Info.plist; sourceTree = "<group>"; };
		2444D1A11F402B26005586F5 /* ZoomImageViewController.h */ = {isa = PBXFileReference; fileEncoding = 4; lastKnownFileType = sourcecode.c.h; path = ZoomImageViewController.h; sourceTree = "<group>"; };
		2444D1A21F402B26005586F5 /* ZoomImageViewController.m */ = {isa = PBXFileReference; fileEncoding = 4; lastKnownFileType = sourcecode.c.objc; path = ZoomImageViewController.m; sourceTree = "<group>"; };
		2444D1A61F402C56005586F5 /* GlobalDefine.h */ = {isa = PBXFileReference; fileEncoding = 4; lastKnownFileType = sourcecode.c.h; path = GlobalDefine.h; sourceTree = "<group>"; };
		2444D1A71F402CC0005586F5 /* WQImageSelector.pch */ = {isa = PBXFileReference; lastKnownFileType = sourcecode.c.h; path = WQImageSelector.pch; sourceTree = "<group>"; };
		2444D1A81F403046005586F5 /* 123.jpg */ = {isa = PBXFileReference; lastKnownFileType = image.jpeg; path = 123.jpg; sourceTree = "<group>"; };
/* End PBXFileReference section */

/* Begin PBXFrameworksBuildPhase section */
		2444D1811F402A1C005586F5 /* Frameworks */ = {
			isa = PBXFrameworksBuildPhase;
			buildActionMask = 2147483647;
			files = (
			);
			runOnlyForDeploymentPostprocessing = 0;
		};
/* End PBXFrameworksBuildPhase section */

/* Begin PBXGroup section */
		2444D17B1F402A1C005586F5 = {
			isa = PBXGroup;
			children = (
				2444D1861F402A1C005586F5 /* WQImageSelector */,
				2444D1851F402A1C005586F5 /* Products */,
			);
			sourceTree = "<group>";
		};
		2444D1851F402A1C005586F5 /* Products */ = {
			isa = PBXGroup;
			children = (
				2444D1841F402A1C005586F5 /* WQImageSelector.app */,
			);
			name = Products;
			sourceTree = "<group>";
		};
		2444D1861F402A1C005586F5 /* WQImageSelector */ = {
			isa = PBXGroup;
			children = (
				2444D18A1F402A1C005586F5 /* AppDelegate.h */,
				2444D18B1F402A1C005586F5 /* AppDelegate.m */,
				2444D18D1F402A1C005586F5 /* ViewController.h */,
				2444D18E1F402A1C005586F5 /* ViewController.m */,
				2444D1901F402A1C005586F5 /* Main.storyboard */,
				2444D19E1F402B26005586F5 /* photoEdit */,
				2444D1871F402A1C005586F5 /* Supporting Files */,
				2444D1A71F402CC0005586F5 /* WQImageSelector.pch */,
			);
			path = WQImageSelector;
			sourceTree = "<group>";
		};
		2444D1871F402A1C005586F5 /* Supporting Files */ = {
			isa = PBXGroup;
			children = (
				2444D1A81F403046005586F5 /* 123.jpg */,
				2444D1931F402A1C005586F5 /* Assets.xcassets */,
				2444D1A61F402C56005586F5 /* GlobalDefine.h */,
				2444D1951F402A1C005586F5 /* LaunchScreen.storyboard */,
				2444D1981F402A1C005586F5 /* Info.plist */,
				2444D1881F402A1C005586F5 /* main.m */,
			);
			name = "Supporting Files";
			sourceTree = "<group>";
		};
		2444D19E1F402B26005586F5 /* photoEdit */ = {
			isa = PBXGroup;
			children = (
				2444D1A11F402B26005586F5 /* ZoomImageViewController.h */,
				2444D1A21F402B26005586F5 /* ZoomImageViewController.m */,
			);
			path = photoEdit;
			sourceTree = "<group>";
		};
/* End PBXGroup section */

/* Begin PBXNativeTarget section */
		2444D1831F402A1C005586F5 /* WQImageSelector */ = {
			isa = PBXNativeTarget;
			buildConfigurationList = 2444D19B1F402A1C005586F5 /* Build configuration list for PBXNativeTarget "WQImageSelector" */;
			buildPhases = (
				2444D1801F402A1C005586F5 /* Sources */,
				2444D1811F402A1C005586F5 /* Frameworks */,
				2444D1821F402A1C005586F5 /* Resources */,
			);
			buildRules = (
			);
			dependencies = (
			);
			name = WQImageSelector;
			productName = WQImageSelector;
			productReference = 2444D1841F402A1C005586F5 /* WQImageSelector.app */;
			productType = "com.apple.product-type.application";
		};
/* End PBXNativeTarget section */

/* Begin PBXProject section */
		2444D17C1F402A1C005586F5 /* Project object */ = {
			isa = PBXProject;
			attributes = {
				LastUpgradeCheck = 0810;
				ORGANIZATIONNAME = gongweiqiang;
				TargetAttributes = {
					2444D1831F402A1C005586F5 = {
						CreatedOnToolsVersion = 8.1;
						DevelopmentTeam = L48G2N8A4X;
						ProvisioningStyle = Automatic;
					};
				};
			};
			buildConfigurationList = 2444D17F1F402A1C005586F5 /* Build configuration list for PBXProject "WQImageSelector" */;
			compatibilityVersion = "Xcode 3.2";
			developmentRegion = English;
			hasScannedForEncodings = 0;
			knownRegions = (
				en,
				Base,
			);
			mainGroup = 2444D17B1F402A1C005586F5;
			productRefGroup = 2444D1851F402A1C005586F5 /* Products */;
			projectDirPath = "";
			projectRoot = "";
			targets = (
				2444D1831F402A1C005586F5 /* WQImageSelector */,
			);
		};
/* End PBXProject section */

/* Begin PBXResourcesBuildPhase section */
		2444D1821F402A1C005586F5 /* Resources */ = {
			isa = PBXResourcesBuildPhase;
			buildActionMask = 2147483647;
			files = (
				2444D1A91F403046005586F5 /* 123.jpg in Resources */,
				2444D1971F402A1C005586F5 /* LaunchScreen.storyboard in Resources */,
				2444D1941F402A1C005586F5 /* Assets.xcassets in Resources */,
				2444D1921F402A1C005586F5 /* Main.storyboard in Resources */,
			);
			runOnlyForDeploymentPostprocessing = 0;
		};
/* End PBXResourcesBuildPhase section */

/* Begin PBXSourcesBuildPhase section */
		2444D1801F402A1C005586F5 /* Sources */ = {
			isa = PBXSourcesBuildPhase;
			buildActionMask = 2147483647;
			files = (
				2444D18F1F402A1C005586F5 /* ViewController.m in Sources */,
				2444D1A41F402B26005586F5 /* ZoomImageViewController.m in Sources */,
				2444D18C1F402A1C005586F5 /* AppDelegate.m in Sources */,
				2444D1891F402A1C005586F5 /* main.m in Sources */,
			);
			runOnlyForDeploymentPostprocessing = 0;
		};
/* End PBXSourcesBuildPhase section */

/* Begin PBXVariantGroup section */
		2444D1901F402A1C005586F5 /* Main.storyboard */ = {
			isa = PBXVariantGroup;
			children = (
				2444D1911F402A1C005586F5 /* Base */,
			);
			name = Main.storyboard;
			sourceTree = "<group>";
		};
		2444D1951F402A1C005586F5 /* LaunchScreen.storyboard */ = {
			isa = PBXVariantGroup;
			children = (
				2444D1961F402A1C005586F5 /* Base */,
			);
			name = LaunchScreen.storyboard;
			sourceTree = "<group>";
		};
/* End PBXVariantGroup section */

/* Begin XCBuildConfiguration section */
		2444D1991F402A1C005586F5 /* Debug */ = {
			isa = XCBuildConfiguration;
			buildSettings = {
				ALWAYS_SEARCH_USER_PATHS = NO;
				CLANG_ANALYZER_NONNULL = YES;
				CLANG_CXX_LANGUAGE_STANDARD = "gnu++0x";
				CLANG_CXX_LIBRARY = "libc++";
				CLANG_ENABLE_MODULES = YES;
				CLANG_ENABLE_OBJC_ARC = YES;
				CLANG_WARN_BOOL_CONVERSION = YES;
				CLANG_WARN_CONSTANT_CONVERSION = YES;
				CLANG_WARN_DIRECT_OBJC_ISA_USAGE = YES_ERROR;
				CLANG_WARN_DOCUMENTATION_COMMENTS = YES;
				CLANG_WARN_EMPTY_BODY = YES;
				CLANG_WARN_ENUM_CONVERSION = YES;
				CLANG_WARN_INFINITE_RECURSION = YES;
				CLANG_WARN_INT_CONVERSION = YES;
				CLANG_WARN_OBJC_ROOT_CLASS = YES_ERROR;
				CLANG_WARN_SUSPICIOUS_MOVES = YES;
				CLANG_WARN_UNREACHABLE_CODE = YES;
				CLANG_WARN__DUPLICATE_METHOD_MATCH = YES;
				"CODE_SIGN_IDENTITY[sdk=iphoneos*]" = "iPhone Developer";
				COPY_PHASE_STRIP = NO;
				DEBUG_INFORMATION_FORMAT = dwarf;
				ENABLE_STRICT_OBJC_MSGSEND = YES;
				ENABLE_TESTABILITY = YES;
				GCC_C_LANGUAGE_STANDARD = gnu99;
				GCC_DYNAMIC_NO_PIC = NO;
				GCC_NO_COMMON_BLOCKS = YES;
				GCC_OPTIMIZATION_LEVEL = 0;
				GCC_PREPROCESSOR_DEFINITIONS = (
					"DEBUG=1",
					"$(inherited)",
				);
				GCC_WARN_64_TO_32_BIT_CONVERSION = YES;
				GCC_WARN_ABOUT_RETURN_TYPE = YES_ERROR;
				GCC_WARN_UNDECLARED_SELECTOR = YES;
				GCC_WARN_UNINITIALIZED_AUTOS = YES_AGGRESSIVE;
				GCC_WARN_UNUSED_FUNCTION = YES;
				GCC_WARN_UNUSED_VARIABLE = YES;
				IPHONEOS_DEPLOYMENT_TARGET = 10.1;
				MTL_ENABLE_DEBUG_INFO = YES;
				ONLY_ACTIVE_ARCH = YES;
				SDKROOT = iphoneos;
			};
			name = Debug;
		};
		2444D19A1F402A1C005586F5 /* Release */ = {
			isa = XCBuildConfiguration;
			buildSettings = {
				ALWAYS_SEARCH_USER_PATHS = NO;
				CLANG_ANALYZER_NONNULL = YES;
				CLANG_CXX_LANGUAGE_STANDARD = "gnu++0x";
				CLANG_CXX_LIBRARY = "libc++";
				CLANG_ENABLE_MODULES = YES;
				CLANG_ENABLE_OBJC_ARC = YES;
				CLANG_WARN_BOOL_CONVERSION = YES;
				CLANG_WARN_CONSTANT_CONVERSION = YES;
				CLANG_WARN_DIRECT_OBJC_ISA_USAGE = YES_ERROR;
				CLANG_WARN_DOCUMENTATION_COMMENTS = YES;
				CLANG_WARN_EMPTY_BODY = YES;
				CLANG_WARN_ENUM_CONVERSION = YES;
				CLANG_WARN_INFINITE_RECURSION = YES;
				CLANG_WARN_INT_CONVERSION = YES;
				CLANG_WARN_OBJC_ROOT_CLASS = YES_ERROR;
				CLANG_WARN_SUSPICIOUS_MOVES = YES;
				CLANG_WARN_UNREACHABLE_CODE = YES;
				CLANG_WARN__DUPLICATE_METHOD_MATCH = YES;
				"CODE_SIGN_IDENTITY[sdk=iphoneos*]" = "iPhone Developer";
				COPY_PHASE_STRIP = NO;
				DEBUG_INFORMATION_FORMAT = "dwarf-with-dsym";
				ENABLE_NS_ASSERTIONS = NO;
				ENABLE_STRICT_OBJC_MSGSEND = YES;
				GCC_C_LANGUAGE_STANDARD = gnu99;
				GCC_NO_COMMON_BLOCKS = YES;
				GCC_WARN_64_TO_32_BIT_CONVERSION = YES;
				GCC_WARN_ABOUT_RETURN_TYPE = YES_ERROR;
				GCC_WARN_UNDECLARED_SELECTOR = YES;
				GCC_WARN_UNINITIALIZED_AUTOS = YES_AGGRESSIVE;
				GCC_WARN_UNUSED_FUNCTION = YES;
				GCC_WARN_UNUSED_VARIABLE = YES;
				IPHONEOS_DEPLOYMENT_TARGET = 10.1;
				MTL_ENABLE_DEBUG_INFO = NO;
				SDKROOT = iphoneos;
				VALIDATE_PRODUCT = YES;
			};
			name = Release;
		};
		2444D19C1F402A1C005586F5 /* Debug */ = {
			isa = XCBuildConfiguration;
			buildSettings = {
				ASSETCATALOG_COMPILER_APPICON_NAME = AppIcon;
				DEVELOPMENT_TEAM = L48G2N8A4X;
				GCC_PRECOMPILE_PREFIX_HEADER = YES;
				GCC_PREFIX_HEADER = "$(SRCROOT)/WQImageSelector/WQImageSelector.pch";
				INFOPLIST_FILE = WQImageSelector/Info.plist;
				LD_RUNPATH_SEARCH_PATHS = "$(inherited) @executable_path/Frameworks";
				PRODUCT_BUNDLE_IDENTIFIER = com.gong.WQImageSelector;
				PRODUCT_NAME = "$(TARGET_NAME)";
				TARGETED_DEVICE_FAMILY = "1,2";
			};
			name = Debug;
		};
		2444D19D1F402A1C005586F5 /* Release */ = {
			isa = XCBuildConfiguration;
			buildSettings = {
				ASSETCATALOG_COMPILER_APPICON_NAME = AppIcon;
				DEVELOPMENT_TEAM = L48G2N8A4X;
				GCC_PRECOMPILE_PREFIX_HEADER = YES;
				GCC_PREFIX_HEADER = "$(SRCROOT)/WQImageSelector/WQImageSelector.pch";
				INFOPLIST_FILE = WQImageSelector/Info.plist;
				LD_RUNPATH_SEARCH_PATHS = "$(inherited) @executable_path/Frameworks";
				PRODUCT_BUNDLE_IDENTIFIER = com.gong.WQImageSelector;
				PRODUCT_NAME = "$(TARGET_NAME)";
				TARGETED_DEVICE_FAMILY = "1,2";
			};
			name = Release;
		};
/* End XCBuildConfiguration section */

/* Begin XCConfigurationList section */
		2444D17F1F402A1C005586F5 /* Build configuration list for PBXProject "WQImageSelector" */ = {
			isa = XCConfigurationList;
			buildConfigurations = (
				2444D1991F402A1C005586F5 /* Debug */,
				2444D19A1F402A1C005586F5 /* Release */,
			);
			defaultConfigurationIsVisible = 0;
			defaultConfigurationName = Release;
		};
		2444D19B1F402A1C005586F5 /* Build configuration list for PBXNativeTarget "WQImageSelector" */ = {
			isa = XCConfigurationList;
			buildConfigurations = (
				2444D19C1F402A1C005586F5 /* Debug */,
				2444D19D1F402A1C005586F5 /* Release */,
			);
			defaultConfigurationIsVisible = 0;
			defaultConfigurationName = Release;
		};
/* End XCConfigurationList section */
	};
	rootObject = 2444D17C1F402A1C005586F5 /* Project object */;
}
